
Microsoft Visual Studio Solution File, Format Version 12.00
# Visual Studio Version 17
VisualStudioVersion = 17.5.33530.505
MinimumVisualStudioVersion = 10.0.40219.1
Project("{9A19103F-16F7-4668-BE54-9A1E7A4F7556}") = "LabirinthGame.EntryPoint", "EntryPoint\LabirinthGame.EntryPoint\LabirinthGame.EntryPoint.csproj", "{DBED358F-CA6A-43FF-9281-65C53510D464}"
EndProject
Project("{2150E333-8FDC-42A3-9474-1A3956D46DE8}") = "EntryPoint", "EntryPoint", "{74A122B8-AF37-4D14-BEE1-B89F59C7AF10}"
EndProject
Project("{9A19103F-16F7-4668-BE54-9A1E7A4F7556}") = "LabirinthGame.Common", "Common\LabirinthGame.Common\LabirinthGame.Common.csproj", "{7989CB6D-3E9C-4EF2-AE50-57E437128EE3}"
EndProject
Project("{2150E333-8FDC-42A3-9474-1A3956D46DE8}") = "Common", "Common", "{5A561801-499C-4037-B851-22356CFAB6C7}"
EndProject
Project("{2150E333-8FDC-42A3-9474-1A3956D46DE8}") = "Runner", "Runner", "{925A99C8-30F2-422C-A699-6C0B2BAD0018}"
EndProject
Project("{2150E333-8FDC-42A3-9474-1A3956D46DE8}") = "IO", "IO", "{02F36626-CB59-4493-A1E6-E901E852762B}"
EndProject
Project("{2150E333-8FDC-42A3-9474-1A3956D46DE8}") = "Logic", "Logic", "{1009D9ED-683A-472F-8C47-BC0904C3CDD7}"
EndProject
Project("{2150E333-8FDC-42A3-9474-1A3956D46DE8}") = "Ui", "Ui", "{ED803F3C-B8D9-4D6C-A127-A7032A54BBC2}"
EndProject
Project("{9A19103F-16F7-4668-BE54-9A1E7A4F7556}") = "LabirinthGame.Runner", "Runner\LabirinthGame.Runner\LabirinthGame.Runner.csproj", "{BAB9A742-770C-4949-9833-AC47A752755B}"
EndProject
Project("{9A19103F-16F7-4668-BE54-9A1E7A4F7556}") = "LabirinthGame.Runner.Implementation", "Runner\LabirinthGame.Runner.Implementation\LabirinthGame.Runner.Implementation.csproj", "{1AF3C6BB-6D54-4397-908B-10DDA65C2B6A}"
EndProject
Project("{2150E333-8FDC-42A3-9474-1A3956D46DE8}") = "Levels", "Levels", "{84D8B4FE-237F-41F4-BD05-2A0C7CAFAFF2}"
EndProject
Project("{9A19103F-16F7-4668-BE54-9A1E7A4F7556}") = "LabirinthGame.Logic.Levels", "Logic\Levels\LabirinthGame.Logic.Levels\LabirinthGame.Logic.Levels.csproj", "{3F043AF5-C14C-4D3B-ADBE-70FDD3B15E32}"
EndProject
Project("{9A19103F-16F7-4668-BE54-9A1E7A4F7556}") = "LabirinthGame.Logic.Levels.Common", "Logic\Levels\LabirinthGame.Logic.Levels.Common\LabirinthGame.Logic.Levels.Common.csproj", "{30C03B97-7512-4899-9967-A08F46F9CECF}"
EndProject
Project("{9A19103F-16F7-4668-BE54-9A1E7A4F7556}") = "LabirinthGame.Logic.Levels.Implementation", "Logic\Levels\LabirinthGame.Logic.Levels.Implementation\LabirinthGame.Logic.Levels.Implementation.csproj", "{968EFD08-1615-4D93-B389-F7E12091E355}"
EndProject
Project("{9A19103F-16F7-4668-BE54-9A1E7A4F7556}") = "LabirinthGame.Logic", "Logic\LabirinthGame.Logic\LabirinthGame.Logic.csproj", "{7B668FEE-342A-455F-B169-782E33353946}"
EndProject
Project("{9A19103F-16F7-4668-BE54-9A1E7A4F7556}") = "LabirinthGame.Logic.Implementation", "Logic\LabirinthGame.Logic.Implementation\LabirinthGame.Logic.Implementation.csproj", "{51A4B6E2-28B2-457B-A7C8-0A5C53FBC7E0}"
EndProject
Project("{9A19103F-16F7-4668-BE54-9A1E7A4F7556}") = "LabirinthGame.Logic.ConsoleUi", "Logic\LabirinthGame.Logic.ConsoleUi\LabirinthGame.Logic.ConsoleUi.csproj", "{5848B86A-2FF7-4FD2-B770-56636A4B13B6}"
EndProject
Project("{9A19103F-16F7-4668-BE54-9A1E7A4F7556}") = "LabirinthGame.Logic.ConsoleUi.Implementation", "Logic\LabirinthGame.Logic.ConsoleUi.Implementation\LabirinthGame.Logic.ConsoleUi.Implementation.csproj", "{D43C322C-ECF5-482D-85AF-1C05BF1BDA26}"
EndProject
Project("{9A19103F-16F7-4668-BE54-9A1E7A4F7556}") = "LabirinthGame.Ui.TextUi", "Ui\LabirinthGame.Ui.TextUi\LabirinthGame.Ui.TextUi.csproj", "{454EC866-8036-4238-9428-5FFB751F93C9}"
EndProject
Project("{9A19103F-16F7-4668-BE54-9A1E7A4F7556}") = "LabirinthGame.Ui.TextUi.Implementation", "Ui\LabirinthGame.Ui.TextUi.Implementation\LabirinthGame.Ui.TextUi.Implementation.csproj", "{BF824BB5-A3F8-442E-A48E-7191F5F13D5E}"
EndProject
Project("{9A19103F-16F7-4668-BE54-9A1E7A4F7556}") = "LabirinthGame.Ui.MenuNavigation", "Ui\LabirinthGame.Ui.MenuNavigation\LabirinthGame.Ui.MenuNavigation.csproj", "{891419E1-E582-46DC-BD5E-20C3FA4F42AF}"
EndProject
Project("{9A19103F-16F7-4668-BE54-9A1E7A4F7556}") = "LabirinthGame.Ui.MenuNavigation.Implementation", "Ui\LabirinthGame.Ui.MenuNavigation.Implementation\LabirinthGame.Ui.MenuNavigation.Implementation.csproj", "{2C5346FD-96EA-40CD-933A-5EFBA344F257}"
EndProject
Project("{9A19103F-16F7-4668-BE54-9A1E7A4F7556}") = "LabirinthGame.IO.Common", "IO\LabirinthGame.IO.Common\LabirinthGame.IO.Common.csproj", "{42261AFB-88D1-4330-BCED-F995B2D1B43C}"
EndProject
Project("{9A19103F-16F7-4668-BE54-9A1E7A4F7556}") = "LabirinthGame.IO.Console", "IO\LabirinthGame.IO.Console\LabirinthGame.IO.Console.csproj", "{F46E48A7-1485-40CE-B2A6-0F8D8B591555}"
EndProject
Project("{9A19103F-16F7-4668-BE54-9A1E7A4F7556}") = "LabirinthGame.IO.Console.Implementation", "IO\LabirinthGame.IO.Console.Implementation\LabirinthGame.IO.Console.Implementation.csproj", "{05FF4FB5-6569-4917-95CB-E78C56BB8448}"
EndProject
Project("{9A19103F-16F7-4668-BE54-9A1E7A4F7556}") = "LabirinthGame.IO.FileSystem", "IO\LabirinthGame.IO.FileSystem\LabirinthGame.IO.FileSystem.csproj", "{7B251247-7C26-4555-BA9C-DC0B1702E7BF}"
EndProject
Project("{9A19103F-16F7-4668-BE54-9A1E7A4F7556}") = "LabirinthGame.IO.FileSystem.Implementation", "IO\LabirinthGame.IO.FileSystem.Implementation\LabirinthGame.IO.FileSystem.Implementation.csproj", "{8570CD34-C0D2-4278-8947-2DC3327CF784}"
EndProject
Project("{9A19103F-16F7-4668-BE54-9A1E7A4F7556}") = "LabirinthGame.IO.Parsing", "IO\LabirinthGame.IO.Parsing\LabirinthGame.IO.Parsing.csproj", "{A194A90A-78A4-4987-83DF-E0FFE4BF3946}"
EndProject
Project("{9A19103F-16F7-4668-BE54-9A1E7A4F7556}") = "LabirinthGame.IO.Parsing.Implementation", "IO\LabirinthGame.IO.Parsing.Implementation\LabirinthGame.IO.Parsing.Implementation.csproj", "{B227D12F-2C2C-4958-89D9-F4A6A6073DA7}"
EndProject
Project("{9A19103F-16F7-4668-BE54-9A1E7A4F7556}") = "LabirinthGame.Logic.Implementation.Tests", "Logic\LabirinthGame.Logic.Implementation.Tests\LabirinthGame.Logic.Implementation.Tests.csproj", "{324C4884-573C-47AC-AC74-A16D47D24502}"
EndProject
Project("{9A19103F-16F7-4668-BE54-9A1E7A4F7556}") = "LabirinthGame.Logic.Levels.Implementation.Tests", "Logic\Levels\LabirinthGame.Logic.Levels.Implementation.Tests\LabirinthGame.Logic.Levels.Implementation.Tests.csproj", "{A6648B6A-1B81-4F49-BE71-B9E894F17ABD}"
EndProject
Project("{9A19103F-16F7-4668-BE54-9A1E7A4F7556}") = "LabirinthGame.IO.Parsing.Implementation.Tests", "IO\LabirinthGame.IO.Parsing.Implementation.Tests\LabirinthGame.IO.Parsing.Implementation.Tests.csproj", "{9A3F631E-274C-48CC-B4A9-9BDC6E4FBF53}"
EndProject
Project("{FAE04EC0-301F-11D3-BF4B-00C04F79EFBC}") = "LabirinthGame.EntryPoint.Container", "EntryPoint\LabirinthGame.EntryPoint.Container\LabirinthGame.EntryPoint.Container.csproj", "{07B5CFA9-411F-445E-AF32-BA201BE6706A}"
EndProject
Global
	GlobalSection(SolutionConfigurationPlatforms) = preSolution
		Debug|Any CPU = Debug|Any CPU
		Release|Any CPU = Release|Any CPU
	EndGlobalSection
	GlobalSection(ProjectConfigurationPlatforms) = postSolution
		{DBED358F-CA6A-43FF-9281-65C53510D464}.Debug|Any CPU.ActiveCfg = Debug|Any CPU
		{DBED358F-CA6A-43FF-9281-65C53510D464}.Debug|Any CPU.Build.0 = Debug|Any CPU
		{DBED358F-CA6A-43FF-9281-65C53510D464}.Release|Any CPU.ActiveCfg = Release|Any CPU
		{DBED358F-CA6A-43FF-9281-65C53510D464}.Release|Any CPU.Build.0 = Release|Any CPU
		{7989CB6D-3E9C-4EF2-AE50-57E437128EE3}.Debug|Any CPU.ActiveCfg = Debug|Any CPU
		{7989CB6D-3E9C-4EF2-AE50-57E437128EE3}.Debug|Any CPU.Build.0 = Debug|Any CPU
		{7989CB6D-3E9C-4EF2-AE50-57E437128EE3}.Release|Any CPU.ActiveCfg = Release|Any CPU
		{7989CB6D-3E9C-4EF2-AE50-57E437128EE3}.Release|Any CPU.Build.0 = Release|Any CPU
		{BAB9A742-770C-4949-9833-AC47A752755B}.Debug|Any CPU.ActiveCfg = Debug|Any CPU
		{BAB9A742-770C-4949-9833-AC47A752755B}.Debug|Any CPU.Build.0 = Debug|Any CPU
		{BAB9A742-770C-4949-9833-AC47A752755B}.Release|Any CPU.ActiveCfg = Release|Any CPU
		{BAB9A742-770C-4949-9833-AC47A752755B}.Release|Any CPU.Build.0 = Release|Any CPU
		{1AF3C6BB-6D54-4397-908B-10DDA65C2B6A}.Debug|Any CPU.ActiveCfg = Debug|Any CPU
		{1AF3C6BB-6D54-4397-908B-10DDA65C2B6A}.Debug|Any CPU.Build.0 = Debug|Any CPU
		{1AF3C6BB-6D54-4397-908B-10DDA65C2B6A}.Release|Any CPU.ActiveCfg = Release|Any CPU
		{1AF3C6BB-6D54-4397-908B-10DDA65C2B6A}.Release|Any CPU.Build.0 = Release|Any CPU
		{3F043AF5-C14C-4D3B-ADBE-70FDD3B15E32}.Debug|Any CPU.ActiveCfg = Debug|Any CPU
		{3F043AF5-C14C-4D3B-ADBE-70FDD3B15E32}.Debug|Any CPU.Build.0 = Debug|Any CPU
		{3F043AF5-C14C-4D3B-ADBE-70FDD3B15E32}.Release|Any CPU.ActiveCfg = Release|Any CPU
		{3F043AF5-C14C-4D3B-ADBE-70FDD3B15E32}.Release|Any CPU.Build.0 = Release|Any CPU
		{30C03B97-7512-4899-9967-A08F46F9CECF}.Debug|Any CPU.ActiveCfg = Debug|Any CPU
		{30C03B97-7512-4899-9967-A08F46F9CECF}.Debug|Any CPU.Build.0 = Debug|Any CPU
		{30C03B97-7512-4899-9967-A08F46F9CECF}.Release|Any CPU.ActiveCfg = Release|Any CPU
		{30C03B97-7512-4899-9967-A08F46F9CECF}.Release|Any CPU.Build.0 = Release|Any CPU
		{968EFD08-1615-4D93-B389-F7E12091E355}.Debug|Any CPU.ActiveCfg = Debug|Any CPU
		{968EFD08-1615-4D93-B389-F7E12091E355}.Debug|Any CPU.Build.0 = Debug|Any CPU
		{968EFD08-1615-4D93-B389-F7E12091E355}.Release|Any CPU.ActiveCfg = Release|Any CPU
		{968EFD08-1615-4D93-B389-F7E12091E355}.Release|Any CPU.Build.0 = Release|Any CPU
		{7B668FEE-342A-455F-B169-782E33353946}.Debug|Any CPU.ActiveCfg = Debug|Any CPU
		{7B668FEE-342A-455F-B169-782E33353946}.Debug|Any CPU.Build.0 = Debug|Any CPU
		{7B668FEE-342A-455F-B169-782E33353946}.Release|Any CPU.ActiveCfg = Release|Any CPU
		{7B668FEE-342A-455F-B169-782E33353946}.Release|Any CPU.Build.0 = Release|Any CPU
		{51A4B6E2-28B2-457B-A7C8-0A5C53FBC7E0}.Debug|Any CPU.ActiveCfg = Debug|Any CPU
		{51A4B6E2-28B2-457B-A7C8-0A5C53FBC7E0}.Debug|Any CPU.Build.0 = Debug|Any CPU
		{51A4B6E2-28B2-457B-A7C8-0A5C53FBC7E0}.Release|Any CPU.ActiveCfg = Release|Any CPU
		{51A4B6E2-28B2-457B-A7C8-0A5C53FBC7E0}.Release|Any CPU.Build.0 = Release|Any CPU
		{5848B86A-2FF7-4FD2-B770-56636A4B13B6}.Debug|Any CPU.ActiveCfg = Debug|Any CPU
		{5848B86A-2FF7-4FD2-B770-56636A4B13B6}.Debug|Any CPU.Build.0 = Debug|Any CPU
		{5848B86A-2FF7-4FD2-B770-56636A4B13B6}.Release|Any CPU.ActiveCfg = Release|Any CPU
		{5848B86A-2FF7-4FD2-B770-56636A4B13B6}.Release|Any CPU.Build.0 = Release|Any CPU
		{D43C322C-ECF5-482D-85AF-1C05BF1BDA26}.Debug|Any CPU.ActiveCfg = Debug|Any CPU
		{D43C322C-ECF5-482D-85AF-1C05BF1BDA26}.Debug|Any CPU.Build.0 = Debug|Any CPU
		{D43C322C-ECF5-482D-85AF-1C05BF1BDA26}.Release|Any CPU.ActiveCfg = Release|Any CPU
		{D43C322C-ECF5-482D-85AF-1C05BF1BDA26}.Release|Any CPU.Build.0 = Release|Any CPU
		{454EC866-8036-4238-9428-5FFB751F93C9}.Debug|Any CPU.ActiveCfg = Debug|Any CPU
		{454EC866-8036-4238-9428-5FFB751F93C9}.Debug|Any CPU.Build.0 = Debug|Any CPU
		{454EC866-8036-4238-9428-5FFB751F93C9}.Release|Any CPU.ActiveCfg = Release|Any CPU
		{454EC866-8036-4238-9428-5FFB751F93C9}.Release|Any CPU.Build.0 = Release|Any CPU
		{BF824BB5-A3F8-442E-A48E-7191F5F13D5E}.Debug|Any CPU.ActiveCfg = Debug|Any CPU
		{BF824BB5-A3F8-442E-A48E-7191F5F13D5E}.Debug|Any CPU.Build.0 = Debug|Any CPU
		{BF824BB5-A3F8-442E-A48E-7191F5F13D5E}.Release|Any CPU.ActiveCfg = Release|Any CPU
		{BF824BB5-A3F8-442E-A48E-7191F5F13D5E}.Release|Any CPU.Build.0 = Release|Any CPU
		{891419E1-E582-46DC-BD5E-20C3FA4F42AF}.Debug|Any CPU.ActiveCfg = Debug|Any CPU
		{891419E1-E582-46DC-BD5E-20C3FA4F42AF}.Debug|Any CPU.Build.0 = Debug|Any CPU
		{891419E1-E582-46DC-BD5E-20C3FA4F42AF}.Release|Any CPU.ActiveCfg = Release|Any CPU
		{891419E1-E582-46DC-BD5E-20C3FA4F42AF}.Release|Any CPU.Build.0 = Release|Any CPU
		{2C5346FD-96EA-40CD-933A-5EFBA344F257}.Debug|Any CPU.ActiveCfg = Debug|Any CPU
		{2C5346FD-96EA-40CD-933A-5EFBA344F257}.Debug|Any CPU.Build.0 = Debug|Any CPU
		{2C5346FD-96EA-40CD-933A-5EFBA344F257}.Release|Any CPU.ActiveCfg = Release|Any CPU
		{2C5346FD-96EA-40CD-933A-5EFBA344F257}.Release|Any CPU.Build.0 = Release|Any CPU
		{42261AFB-88D1-4330-BCED-F995B2D1B43C}.Debug|Any CPU.ActiveCfg = Debug|Any CPU
		{42261AFB-88D1-4330-BCED-F995B2D1B43C}.Debug|Any CPU.Build.0 = Debug|Any CPU
		{42261AFB-88D1-4330-BCED-F995B2D1B43C}.Release|Any CPU.ActiveCfg = Release|Any CPU
		{42261AFB-88D1-4330-BCED-F995B2D1B43C}.Release|Any CPU.Build.0 = Release|Any CPU
		{F46E48A7-1485-40CE-B2A6-0F8D8B591555}.Debug|Any CPU.ActiveCfg = Debug|Any CPU
		{F46E48A7-1485-40CE-B2A6-0F8D8B591555}.Debug|Any CPU.Build.0 = Debug|Any CPU
		{F46E48A7-1485-40CE-B2A6-0F8D8B591555}.Release|Any CPU.ActiveCfg = Release|Any CPU
		{F46E48A7-1485-40CE-B2A6-0F8D8B591555}.Release|Any CPU.Build.0 = Release|Any CPU
		{05FF4FB5-6569-4917-95CB-E78C56BB8448}.Debug|Any CPU.ActiveCfg = Debug|Any CPU
		{05FF4FB5-6569-4917-95CB-E78C56BB8448}.Debug|Any CPU.Build.0 = Debug|Any CPU
		{05FF4FB5-6569-4917-95CB-E78C56BB8448}.Release|Any CPU.ActiveCfg = Release|Any CPU
		{05FF4FB5-6569-4917-95CB-E78C56BB8448}.Release|Any CPU.Build.0 = Release|Any CPU
		{7B251247-7C26-4555-BA9C-DC0B1702E7BF}.Debug|Any CPU.ActiveCfg = Debug|Any CPU
		{7B251247-7C26-4555-BA9C-DC0B1702E7BF}.Debug|Any CPU.Build.0 = Debug|Any CPU
		{7B251247-7C26-4555-BA9C-DC0B1702E7BF}.Release|Any CPU.ActiveCfg = Release|Any CPU
		{7B251247-7C26-4555-BA9C-DC0B1702E7BF}.Release|Any CPU.Build.0 = Release|Any CPU
		{8570CD34-C0D2-4278-8947-2DC3327CF784}.Debug|Any CPU.ActiveCfg = Debug|Any CPU
		{8570CD34-C0D2-4278-8947-2DC3327CF784}.Debug|Any CPU.Build.0 = Debug|Any CPU
		{8570CD34-C0D2-4278-8947-2DC3327CF784}.Release|Any CPU.ActiveCfg = Release|Any CPU
		{8570CD34-C0D2-4278-8947-2DC3327CF784}.Release|Any CPU.Build.0 = Release|Any CPU
		{A194A90A-78A4-4987-83DF-E0FFE4BF3946}.Debug|Any CPU.ActiveCfg = Debug|Any CPU
		{A194A90A-78A4-4987-83DF-E0FFE4BF3946}.Debug|Any CPU.Build.0 = Debug|Any CPU
		{A194A90A-78A4-4987-83DF-E0FFE4BF3946}.Release|Any CPU.ActiveCfg = Release|Any CPU
		{A194A90A-78A4-4987-83DF-E0FFE4BF3946}.Release|Any CPU.Build.0 = Release|Any CPU
		{B227D12F-2C2C-4958-89D9-F4A6A6073DA7}.Debug|Any CPU.ActiveCfg = Debug|Any CPU
		{B227D12F-2C2C-4958-89D9-F4A6A6073DA7}.Debug|Any CPU.Build.0 = Debug|Any CPU
		{B227D12F-2C2C-4958-89D9-F4A6A6073DA7}.Release|Any CPU.ActiveCfg = Release|Any CPU
		{B227D12F-2C2C-4958-89D9-F4A6A6073DA7}.Release|Any CPU.Build.0 = Release|Any CPU
		{324C4884-573C-47AC-AC74-A16D47D24502}.Debug|Any CPU.ActiveCfg = Debug|Any CPU
		{324C4884-573C-47AC-AC74-A16D47D24502}.Debug|Any CPU.Build.0 = Debug|Any CPU
		{324C4884-573C-47AC-AC74-A16D47D24502}.Release|Any CPU.ActiveCfg = Release|Any CPU
		{324C4884-573C-47AC-AC74-A16D47D24502}.Release|Any CPU.Build.0 = Release|Any CPU
		{A6648B6A-1B81-4F49-BE71-B9E894F17ABD}.Debug|Any CPU.ActiveCfg = Debug|Any CPU
		{A6648B6A-1B81-4F49-BE71-B9E894F17ABD}.Debug|Any CPU.Build.0 = Debug|Any CPU
		{A6648B6A-1B81-4F49-BE71-B9E894F17ABD}.Release|Any CPU.ActiveCfg = Release|Any CPU
		{A6648B6A-1B81-4F49-BE71-B9E894F17ABD}.Release|Any CPU.Build.0 = Release|Any CPU
		{9A3F631E-274C-48CC-B4A9-9BDC6E4FBF53}.Debug|Any CPU.ActiveCfg = Debug|Any CPU
		{9A3F631E-274C-48CC-B4A9-9BDC6E4FBF53}.Debug|Any CPU.Build.0 = Debug|Any CPU
		{9A3F631E-274C-48CC-B4A9-9BDC6E4FBF53}.Release|Any CPU.ActiveCfg = Release|Any CPU
		{9A3F631E-274C-48CC-B4A9-9BDC6E4FBF53}.Release|Any CPU.Build.0 = Release|Any CPU
		{07B5CFA9-411F-445E-AF32-BA201BE6706A}.Debug|Any CPU.ActiveCfg = Debug|Any CPU
		{07B5CFA9-411F-445E-AF32-BA201BE6706A}.Debug|Any CPU.Build.0 = Debug|Any CPU
		{07B5CFA9-411F-445E-AF32-BA201BE6706A}.Release|Any CPU.ActiveCfg = Release|Any CPU
		{07B5CFA9-411F-445E-AF32-BA201BE6706A}.Release|Any CPU.Build.0 = Release|Any CPU
	EndGlobalSection
	GlobalSection(SolutionProperties) = preSolution
		HideSolutionNode = FALSE
	EndGlobalSection
	GlobalSection(NestedProjects) = preSolution
		{DBED358F-CA6A-43FF-9281-65C53510D464} = {74A122B8-AF37-4D14-BEE1-B89F59C7AF10}
		{7989CB6D-3E9C-4EF2-AE50-57E437128EE3} = {5A561801-499C-4037-B851-22356CFAB6C7}
		{BAB9A742-770C-4949-9833-AC47A752755B} = {925A99C8-30F2-422C-A699-6C0B2BAD0018}
		{1AF3C6BB-6D54-4397-908B-10DDA65C2B6A} = {925A99C8-30F2-422C-A699-6C0B2BAD0018}
		{84D8B4FE-237F-41F4-BD05-2A0C7CAFAFF2} = {1009D9ED-683A-472F-8C47-BC0904C3CDD7}
		{3F043AF5-C14C-4D3B-ADBE-70FDD3B15E32} = {84D8B4FE-237F-41F4-BD05-2A0C7CAFAFF2}
		{30C03B97-7512-4899-9967-A08F46F9CECF} = {84D8B4FE-237F-41F4-BD05-2A0C7CAFAFF2}
		{968EFD08-1615-4D93-B389-F7E12091E355} = {84D8B4FE-237F-41F4-BD05-2A0C7CAFAFF2}
		{7B668FEE-342A-455F-B169-782E33353946} = {1009D9ED-683A-472F-8C47-BC0904C3CDD7}
		{51A4B6E2-28B2-457B-A7C8-0A5C53FBC7E0} = {1009D9ED-683A-472F-8C47-BC0904C3CDD7}
		{5848B86A-2FF7-4FD2-B770-56636A4B13B6} = {1009D9ED-683A-472F-8C47-BC0904C3CDD7}
		{D43C322C-ECF5-482D-85AF-1C05BF1BDA26} = {1009D9ED-683A-472F-8C47-BC0904C3CDD7}
		{454EC866-8036-4238-9428-5FFB751F93C9} = {ED803F3C-B8D9-4D6C-A127-A7032A54BBC2}
		{BF824BB5-A3F8-442E-A48E-7191F5F13D5E} = {ED803F3C-B8D9-4D6C-A127-A7032A54BBC2}
		{891419E1-E582-46DC-BD5E-20C3FA4F42AF} = {ED803F3C-B8D9-4D6C-A127-A7032A54BBC2}
		{2C5346FD-96EA-40CD-933A-5EFBA344F257} = {ED803F3C-B8D9-4D6C-A127-A7032A54BBC2}
		{42261AFB-88D1-4330-BCED-F995B2D1B43C} = {02F36626-CB59-4493-A1E6-E901E852762B}
		{F46E48A7-1485-40CE-B2A6-0F8D8B591555} = {02F36626-CB59-4493-A1E6-E901E852762B}
		{05FF4FB5-6569-4917-95CB-E78C56BB8448} = {02F36626-CB59-4493-A1E6-E901E852762B}
		{7B251247-7C26-4555-BA9C-DC0B1702E7BF} = {02F36626-CB59-4493-A1E6-E901E852762B}
		{8570CD34-C0D2-4278-8947-2DC3327CF784} = {02F36626-CB59-4493-A1E6-E901E852762B}
		{A194A90A-78A4-4987-83DF-E0FFE4BF3946} = {02F36626-CB59-4493-A1E6-E901E852762B}
		{B227D12F-2C2C-4958-89D9-F4A6A6073DA7} = {02F36626-CB59-4493-A1E6-E901E852762B}
		{324C4884-573C-47AC-AC74-A16D47D24502} = {1009D9ED-683A-472F-8C47-BC0904C3CDD7}
		{A6648B6A-1B81-4F49-BE71-B9E894F17ABD} = {84D8B4FE-237F-41F4-BD05-2A0C7CAFAFF2}
		{9A3F631E-274C-48CC-B4A9-9BDC6E4FBF53} = {02F36626-CB59-4493-A1E6-E901E852762B}
		{07B5CFA9-411F-445E-AF32-BA201BE6706A} = {74A122B8-AF37-4D14-BEE1-B89F59C7AF10}
	EndGlobalSection
	GlobalSection(ExtensibilityGlobals) = postSolution
		SolutionGuid = {23D4C172-77EE-40E5-B3B1-36FCFA567757}
	EndGlobalSection
EndGlobal
